{
  "name": "freebuff-api",
  "version": "1.0.0",
  "lockfileVersion": 3,
  "requires": true,
  "packages": {
    "": {
      "name": "freebuff-api",
      "version": "1.0.0",
      "license": "MIT",
      "dependencies": {
        "@codebuff/sdk": "^0.10.7"
      },
      "bin": {
        "freebuff-api": "cli.js"
      },
      "engines": {
        "node": ">=18"
      }
    },
    "node_modules/@ai-sdk/anthropic": {
      "version": "2.0.50",
      "resolved": "https://registry.npmjs.org/@ai-sdk/anthropic/-/anthropic-2.0.50.tgz",
      "integrity": "sha512-21PaHfoLmouOXXNINTsZJsMw+wE5oLR2He/1kq/sKokTVKyq7ObGT1LDk6ahwxaz/GoaNaGankMh+EgVcdv2Cw==",
      "license": "Apache-2.0",
      "dependencies": {
        "@ai-sdk/provider": "2.0.0",
        "@ai-sdk/provider-utils": "3.0.18"
      },
      "engines": {
        "node": ">=18"
      },
      "peerDependencies": {
        "zod": "^3.25.76 || ^4.1.8"
      }
    },
    "node_modules/@ai-sdk/gateway": {
      "version": "2.0.152",
      "resolved": "https://registry.npmjs.org/@ai-sdk/gateway/-/gateway-2.0.152.tgz",
      "integrity": "sha512-ypuos9pHRawPlimfTC8wf0hCvp8Mx571zZfuDZvmECDYfaFze2qOo81yKIxacnQxnOekd6uV9ooMvFS+fB51dg==",
      "license": "Apache-2.0",
      "dependencies": {
        "@ai-sdk/provider": "2.0.4",
        "@ai-sdk/provider-utils": "3.0.37",
        "@vercel/oidc": "3.1.0"
      },
      "engines": {
        "node": ">=18"
      },
      "peerDependencies": {
        "zod": "^3.25.76 || ^4.1.8"
      }
    },
    "node_modules/@ai-sdk/gateway/node_modules/@ai-sdk/provider": {
      "version": "2.0.4",
      "resolved": "https://registry.npmjs.org/@ai-sdk/provider/-/provider-2.0.4.tgz",
      "integrity": "sha512-B0M50w0W43jTzZGyZrNwwaK1M79aKPw6PD/dQhkBR7vkR68yCINWBo2CbBLJrbrqYc46TaiSfsTiT+S9EmVl0w==",
      "license": "Apache-2.0",
      "dependencies": {
        "json-schema": "^0.4.0"
      },
      "engines": {
        "node": ">=18"
      }
    },
    "node_modules/@ai-sdk/gateway/node_modules/@ai-sdk/provider-utils": {
      "version": "3.0.37",
      "resolved": "https://registry.npmjs.org/@ai-sdk/provider-utils/-/provider-utils-3.0.37.tgz",
      "integrity": "sha512-mLx1SgE20xKQ87xME+9uG6pFlYPTqGDrMFrZ6XcytDnmbWGwmCIh2Xb9zFrfXUrKycSFRDet4Zovj388L9b1dg==",
      "license": "Apache-2.0",
      "dependencies": {
        "@ai-sdk/provider": "2.0.4",
        "@standard-schema/spec": "^1.0.0",
        "eventsource-parser": "^3.0.6",
        "undici": "^5.29.0"
      },
      "engines": {
        "node": ">=18"
      },
      "peerDependencies": {
        "zod": "^3.25.76 || ^4.1.8"
      }
    },
    "node_modules/@ai-sdk/provider": {
      "version": "2.0.0",
      "resolved": "https://registry.npmjs.org/@ai-sdk/provider/-/provider-2.0.0.tgz",
      "integrity": "sha512-6o7Y2SeO9vFKB8lArHXehNuusnpddKPk7xqL7T2/b+OvXMRIXUO1rR4wcv1hAFUAT9avGZshty3Wlua/XA7TvA==",
      "license": "Apache-2.0",
      "dependencies": {
        "json-schema": "^0.4.0"
      },
      "engines": {
        "node": ">=18"
      }
    },
    "node_modules/@ai-sdk/provider-utils": {
      "version": "3.0.18",
      "resolved": "https://registry.npmjs.org/@ai-sdk/provider-utils/-/provider-utils-3.0.18.tgz",
      "integrity": "sha512-ypv1xXMsgGcNKUP+hglKqtdDuMg68nWHucPPAhIENrbFAI+xCHiqPVN8Zllxyv1TNZwGWUghPxJXU+Mqps0YRQ==",
      "license": "Apache-2.0",
      "dependencies": {
        "@ai-sdk/provider": "2.0.0",
        "@standard-schema/spec": "^1.0.0",
        "eventsource-parser": "^3.0.6"
      },
      "engines": {
        "node": ">=18"
      },
      "peerDependencies": {
        "zod": "^3.25.76 || ^4.1.8"
      }
    },
    "node_modules/@codebuff/sdk": {
      "version": "0.10.7",
      "resolved": "https://registry.npmjs.org/@codebuff/sdk/-/sdk-0.10.7.tgz",
      "integrity": "sha512-ypOVxKxhAHIkLnsFZs9DOx8QFQt4e8hAaJgEnWNBerGqNV7PGrmfPT7L70WCfT4/TKFxEMp0R9xN8Wc1g2iYXQ==",
      "license": "Apache-2.0",
      "dependencies": {
        "@ai-sdk/anthropic": "2.0.50",
        "@jitl/quickjs-wasmfile-release-sync": "0.31.0",
        "@vscode/tree-sitter-wasm": "0.1.4",
        "ai": "^5.0.52",
        "diff": "8.0.3",
        "gray-matter": "^4.0.3",
        "ignore": "7.0.5",
        "micromatch": "^4.0.8",
        "web-tree-sitter": "0.25.6",
        "ws": "^8.18.0",
        "zod": "^4.2.1"
      },
      "engines": {
        "node": ">=18.0.0"
      }
    },
    "node_modules/@fastify/busboy": {
      "version": "2.1.1",
      "resolved": "https://registry.npmjs.org/@fastify/busboy/-/busboy-2.1.1.tgz",
      "integrity": "sha512-vBZP4NlzfOlerQTnba4aqZoMhE/a9HY7HRqoOPaETQcSQuWEIyZMHGfVu6w9wGtGK5fED5qRs2DteVCjOH60sA==",
      "license": "MIT",
      "engines": {
        "node": ">=14"
      }
    },
    "node_modules/@jitl/quickjs-ffi-types": {
      "version": "0.31.0",
      "resolved": "https://registry.npmjs.org/@jitl/quickjs-ffi-types/-/quickjs-ffi-types-0.31.0.tgz",
      "integrity": "sha512-1yrgvXlmXH2oNj3eFTrkwacGJbmM0crwipA3ohCrjv52gBeDaD7PsTvFYinlAnqU8iPME3LGP437yk05a2oejw==",
      "license": "MIT"
    },
    "node_modules/@jitl/quickjs-wasmfile-release-sync": {
      "version": "0.31.0",
      "resolved": "https://registry.npmjs.org/@jitl/quickjs-wasmfile-release-sync/-/quickjs-wasmfile-release-sync-0.31.0.tgz",
      "integrity": "sha512-hYduecOByj9AsAfsJhZh5nA6exokmuFC8cls39+lYmTCGY51bgjJJJwReEu7Ff7vBWaQCL6TeDdVlnp2WYz0jw==",
      "license": "MIT",
      "dependencies": {
        "@jitl/quickjs-ffi-types": "0.31.0"
      }
    },
    "node_modules/@opentelemetry/api": {
      "version": "1.9.0",
      "resolved": "https://registry.npmjs.org/@opentelemetry/api/-/api-1.9.0.tgz",
      "integrity": "sha512-3giAOQvZiH5F9bMlMiv8+GSPMeqg0dbaeo58/0SlA9sxSqZhnUtxzX9/2FzyhS9sWQf5S0GJE0AKBrFqjpeYcg==",
      "license": "Apache-2.0",
      "engines": {
        "node": ">=8.0.0"
      }
    },
    "node_modules/@standard-schema/spec": {
      "version": "1.1.0",
      "resolved": "https://registry.npmjs.org/@standard-schema/spec/-/spec-1.1.0.tgz",
      "integrity": "sha512-l2aFy5jALhniG5HgqrD6jXLi/rUWrKvqN/qJx6yoJsgKhblVd+iqqU4RCXavm/jPityDo5TCvKMnpjKnOriy0w==",
      "license": "MIT"
    },
    "node_modules/@vercel/oidc": {
      "version": "3.1.0",
      "resolved": "https://registry.npmjs.org/@vercel/oidc/-/oidc-3.1.0.tgz",
      "integrity": "sha512-Fw28YZpRnA3cAHHDlkt7xQHiJ0fcL+NRcIqsocZQUSmbzeIKRpwttJjik5ZGanXP+vlA4SbTg+AbA3bP363l+w==",
      "license": "Apache-2.0",
      "engines": {
        "node": ">= 20"
      }
    },
    "node_modules/@vscode/tree-sitter-wasm": {
      "version": "0.1.4",
      "resolved": "https://registry.npmjs.org/@vscode/tree-sitter-wasm/-/tree-sitter-wasm-0.1.4.tgz",
      "integrity": "sha512-kQVVg/CamCYDM+/XYCZuNTQyixjZd8ts/Gf84UzjEY0eRnbg6kiy5I9z2/2i3XdqwhI87iG07rkMR2KwhqcSbA==",
      "license": "MIT"
    },
    "node_modules/ai": {
      "version": "5.0.258",
      "resolved": "https://registry.npmjs.org/ai/-/ai-5.0.258.tgz",
      "integrity": "sha512-oCy6WZBVNo6N4oJ594qZtCE6L/sXYBu01YoerCru9ixD6ki2S2UVD/MSpFv7pq3BU7EjJnuEhlnn2boTHra/Uw==",
      "license": "Apache-2.0",
      "dependencies": {
        "@ai-sdk/gateway": "2.0.152",
        "@ai-sdk/provider": "2.0.4",
        "@ai-sdk/provider-utils": "3.0.37",
        "@opentelemetry/api": "1.9.0"
      },
      "engines": {
        "node": ">=18"
      },
      "peerDependencies": {
        "zod": "^3.25.76 || ^4.1.8"
      }
    },
    "node_modules/ai/node_modules/@ai-sdk/provider": {
      "version": "2.0.4",
      "resolved": "https://registry.npmjs.org/@ai-sdk/provider/-/provider-2.0.4.tgz",
      "integrity": "sha512-B0M50w0W43jTzZGyZrNwwaK1M79aKPw6PD/dQhkBR7vkR68yCINWBo2CbBLJrbrqYc46TaiSfsTiT+S9EmVl0w==",
      "license": "Apache-2.0",
      "dependencies": {
        "json-schema": "^0.4.0"
      },
      "engines": {
        "node": ">=18"
      }
    },
    "node_modules/ai/node_modules/@ai-sdk/provider-utils": {
      "version": "3.0.37",
      "resolved": "https://registry.npmjs.org/@ai-sdk/provider-utils/-/provider-utils-3.0.37.tgz",
      "integrity": "sha512-mLx1SgE20xKQ87xME+9uG6pFlYPTqGDrMFrZ6XcytDnmbWGwmCIh2Xb9zFrfXUrKycSFRDet4Zovj388L9b1dg==",
      "license": "Apache-2.0",
      "dependencies": {
        "@ai-sdk/provider": "2.0.4",
        "@standard-schema/spec": "^1.0.0",
        "eventsource-parser": "^3.0.6",
        "undici": "^5.29.0"
      },
      "engines": {
        "node": ">=18"
      },
      "peerDependencies": {
        "zod": "^3.25.76 || ^4.1.8"
      }
    },
    "node_modules/argparse": {
      "version": "1.0.10",
      "resolved": "https://registry.npmjs.org/argparse/-/argparse-1.0.10.tgz",
      "integrity": "sha512-o5Roy6tNG4SL/FOkCAN6RzjiakZS25RLYFrcMttJqbdd8BWrnA+fGz57iN5Pb06pvBGvl5gQ0B48dJlslXvoTg==",
      "license": "MIT",
      "dependencies": {
        "sprintf-js": "~1.0.2"
      }
    },
    "node_modules/braces": {
      "version": "3.0.3",
      "resolved": "https://registry.npmjs.org/braces/-/braces-3.0.3.tgz",
      "integrity": "sha512-yQbXgO/OSZVD2IsiLlro+7Hf6Q18EJrKSEsdoMzKePKXct3gvD8oLcOQdIzGupr5Fj+EDe8gO/lxc1BzfMpxvA==",
      "license": "MIT",
      "dependencies": {
        "fill-range": "^7.1.1"
      },
      "engines": {
        "node": ">=8"
      }
    },
    "node_modules/diff": {
      "version": "8.0.3",
      "resolved": "https://registry.npmjs.org/diff/-/diff-8.0.3.tgz",
      "integrity": "sha512-qejHi7bcSD4hQAZE0tNAawRK1ZtafHDmMTMkrrIGgSLl7hTnQHmKCeB45xAcbfTqK2zowkM3j3bHt/4b/ARbYQ==",
      "license": "BSD-3-Clause",
      "engines": {
        "node": ">=0.3.1"
      }
    },
    "node_modules/esprima": {
      "version": "4.0.1",
      "resolved": "https://registry.npmjs.org/esprima/-/esprima-4.0.1.tgz",
      "integrity": "sha512-eGuFFw7Upda+g4p+QHvnW0RyTX/SVeJBDM/gCtMARO0cLuT2HcEKnTPvhjV6aGeqrCB/sbNop0Kszm0jsaWU4A==",
      "license": "BSD-2-Clause",
      "bin": {
        "esparse": "bin/esparse.js",
        "esvalidate": "bin/esvalidate.js"
      },
      "engines": {
        "node": ">=4"
      }
    },
    "node_modules/eventsource-parser": {
      "version": "3.1.1",
      "resolved": "https://registry.npmjs.org/eventsource-parser/-/eventsource-parser-3.1.1.tgz",
      "integrity": "sha512-EKN1vKAMcZ8MlYMpaNuxN6R9yakzH6uajHcHVTqWJzvu5pWw9DyhbP35HH8MVBQ+dZjAfDxk+A8NiR9KWaXiyQ==",
      "license": "MIT",
      "engines": {
        "node": ">=18.0.0"
      }
    },
    "node_modules/extend-shallow": {
      "version": "2.0.1",
      "resolved": "https://registry.npmjs.org/extend-shallow/-/extend-shallow-2.0.1.tgz",
      "integrity": "sha512-zCnTtlxNoAiDc3gqY2aYAWFx7XWWiasuF2K8Me5WbN8otHKTUKBwjPtNpRs/rbUZm7KxWAaNj7P1a/p52GbVug==",
      "license": "MIT",
      "dependencies": {
        "is-extendable": "^0.1.0"
      },
      "engines": {
        "node": ">=0.10.0"
      }
    },
    "node_modules/fill-range": {
      "version": "7.1.1",
      "resolved": "https://registry.npmjs.org/fill-range/-/fill-range-7.1.1.tgz",
      "integrity": "sha512-YsGpe3WHLK8ZYi4tWDg2Jy3ebRz2rXowDxnld4bkQB00cc/1Zw9AWnC0i9ztDJitivtQvaI9KaLyKrc+hBW0yg==",
      "license": "MIT",
      "dependencies": {
        "to-regex-range": "^5.0.1"
      },
      "engines": {
        "node": ">=8"
      }
    },
    "node_modules/gray-matter": {
      "version": "4.0.3",
      "resolved": "https://registry.npmjs.org/gray-matter/-/gray-matter-4.0.3.tgz",
      "integrity": "sha512-5v6yZd4JK3eMI3FqqCouswVqwugaA9r4dNZB1wwcmrD02QkV5H0y7XBQW8QwQqEaZY1pM9aqORSORhJRdNK44Q==",
      "license": "MIT",
      "dependencies": {
        "js-yaml": "^3.13.1",
        "kind-of": "^6.0.2",
        "section-matter": "^1.0.0",
        "strip-bom-string": "^1.0.0"
      },
      "engines": {
        "node": ">=6.0"
      }
    },
    "node_modules/ignore": {
      "version": "7.0.5",
      "resolved": "https://registry.npmjs.org/ignore/-/ignore-7.0.5.tgz",
      "integrity": "sha512-Hs59xBNfUIunMFgWAbGX5cq6893IbWg4KnrjbYwX3tx0ztorVgTDA6B2sxf8ejHJ4wz8BqGUMYlnzNBer5NvGg==",
      "license": "MIT",
      "engines": {
        "node": ">= 4"
      }
    },
    "node_modules/is-extendable": {
      "version": "0.1.1",
      "resolved": "https://registry.npmjs.org/is-extendable/-/is-extendable-0.1.1.tgz",
      "integrity": "sha512-5BMULNob1vgFX6EjQw5izWDxrecWK9AM72rugNr0TFldMOi0fj6Jk+zeKIt0xGj4cEfQIJth4w3OKWOJ4f+AFw==",
      "license": "MIT",
      "engines": {
        "node": ">=0.10.0"
      }
    },
    "node_modules/is-number": {
      "version": "7.0.0",
      "resolved": "https://registry.npmjs.org/is-number/-/is-number-7.0.0.tgz",
      "integrity": "sha512-41Cifkg6e8TylSpdtTpeLVMqvSBEVzTttHvERD741+pnZ8ANv0004MRL43QKPDlK9cGvNp6NZWZUBlbGXYxxng==",
      "license": "MIT",
      "engines": {
        "node": ">=0.12.0"
      }
    },
    "node_modules/js-yaml": {
      "version": "3.15.2",
      "resolved": "https://registry.npmjs.org/js-yaml/-/js-yaml-3.15.2.tgz",
      "integrity": "sha512-6EuL879VkRA+1Cz578mKMiKvjPNEuk6+r1JaFzoSWejZmtf7xWbIyw1e3KkxlkzTIt9Taw6JBhEppG7utc1P+w==",
      "license": "MIT",
      "dependencies": {
        "argparse": "^1.0.7",
        "esprima": "^4.0.0"
      },
      "bin": {
        "js-yaml": "bin/js-yaml.js"
      }
    },
    "node_modules/json-schema": {
      "version": "0.4.0",
      "resolved": "https://registry.npmjs.org/json-schema/-/json-schema-0.4.0.tgz",
      "integrity": "sha512-es94M3nTIfsEPisRafak+HDLfHXnKBhV3vU5eqPcS3flIWqcxJWgXHXiey3YrpaNsanY5ei1VoYEbOzijuq9BA==",
      "license": "(AFL-2.1 OR BSD-3-Clause)"
    },
    "node_modules/kind-of": {
      "version": "6.0.3",
      "resolved": "https://registry.npmjs.org/kind-of/-/kind-of-6.0.3.tgz",
      "integrity": "sha512-dcS1ul+9tmeD95T+x28/ehLgd9mENa3LsvDTtzm3vyBEO7RPptvAD+t44WVXaUjTBRcrpFeFlC8WCruUR456hw==",
      "license": "MIT",
      "engines": {
        "node": ">=0.10.0"
      }
    },
    "node_modules/micromatch": {
      "version": "4.0.8",
      "resolved": "https://registry.npmjs.org/micromatch/-/micromatch-4.0.8.tgz",
      "integrity": "sha512-PXwfBhYu0hBCPw8Dn0E+WDYb7af3dSLVWKi3HGv84IdF4TyFoC0ysxFd0Goxw7nSv4T/PzEJQxsYsEiFCKo2BA==",
      "license": "MIT",
      "dependencies": {
        "braces": "^3.0.3",
        "picomatch": "^2.3.1"
      },
      "engines": {
        "node": ">=8.6"
      }
    },
    "node_modules/picomatch": {
      "version": "2.3.2",
      "resolved": "https://registry.npmjs.org/picomatch/-/picomatch-2.3.2.tgz",
      "integrity": "sha512-V7+vQEJ06Z+c5tSye8S+nHUfI51xoXIXjHQ99cQtKUkQqqO1kO/KCJUfZXuB47h/YBlDhah2H3hdUGXn8ie0oA==",
      "license": "MIT",
      "engines": {
        "node": ">=8.6"
      },
      "funding": {
        "url": "https://github.com/sponsors/jonschlinkert"
      }
    },
    "node_modules/section-matter": {
      "version": "1.0.0",
      "resolved": "https://registry.npmjs.org/section-matter/-/section-matter-1.0.0.tgz",
      "integrity": "sha512-vfD3pmTzGpufjScBh50YHKzEu2lxBWhVEHsNGoEXmCmn2hKGfeNLYMzCJpe8cD7gqX7TJluOVpBkAequ6dgMmA==",
      "license": "MIT",
      "dependencies": {
        "extend-shallow": "^2.0.1",
        "kind-of": "^6.0.0"
      },
      "engines": {
        "node": ">=4"
      }
    },
    "node_modules/sprintf-js": {
      "version": "1.0.3",
      "resolved": "https://registry.npmjs.org/sprintf-js/-/sprintf-js-1.0.3.tgz",
      "integrity": "sha512-D9cPgkvLlV3t3IzL0D0YLvGA9Ahk4PcvVwUbN0dSGr1aP0Nrt4AEnTUbuGvquEC0mA64Gqt1fzirlRs5ibXx8g==",
      "license": "BSD-3-Clause"
    },
    "node_modules/strip-bom-string": {
      "version": "1.0.0",
      "resolved": "https://registry.npmjs.org/strip-bom-string/-/strip-bom-string-1.0.0.tgz",
      "integrity": "sha512-uCC2VHvQRYu+lMh4My/sFNmF2klFymLX1wHJeXnbEJERpV/ZsVuonzerjfrGpIGF7LBVa1O7i9kjiWvJiFck8g==",
      "license": "MIT",
      "engines": {
        "node": ">=0.10.0"
      }
    },
    "node_modules/to-regex-range": {
      "version": "5.0.1",
      "resolved": "https://registry.npmjs.org/to-regex-range/-/to-regex-range-5.0.1.tgz",
      "integrity": "sha512-65P7iz6X5yEr1cwcgvQxbbIw7Uk3gOy5dIdtZ4rDveLqhrdJP+Li/Hx6tyK0NEb+2GCyneCMJiGqrADCSNk8sQ==",
      "license": "MIT",
      "dependencies": {
        "is-number": "^7.0.0"
      },
      "engines": {
        "node": ">=8.0"
      }
    },
    "node_modules/undici": {
      "version": "5.29.0",
      "resolved": "https://registry.npmjs.org/undici/-/undici-5.29.0.tgz",
      "integrity": "sha512-raqeBD6NQK4SkWhQzeYKd1KmIG6dllBOTt55Rmkt4HtI9mwdWtJljnrXjAFUBLTSN67HWrOIZ3EPF4kjUw80Bg==",
      "license": "MIT",
      "dependencies": {
        "@fastify/busboy": "^2.0.0"
      },
      "engines": {
        "node": ">=14.0"
      }
    },
    "node_modules/web-tree-sitter": {
      "version": "0.25.6",
      "resolved": "https://registry.npmjs.org/web-tree-sitter/-/web-tree-sitter-0.25.6.tgz",
      "integrity": "sha512-WG+/YGbxw8r+rLlzzhV+OvgiOJCWdIpOucG3qBf3RCBFMkGDb1CanUi2BxCxjnkpzU3/hLWPT8VO5EKsMk9Fxg==",
      "license": "MIT"
    },
    "node_modules/ws": {
      "version": "8.21.3",
      "resolved": "https://registry.npmjs.org/ws/-/ws-8.21.3.tgz",
      "integrity": "sha512-201TZ/kPWxoPr/OKWjquZR1SWKXcvxdH+e1xrx89b3YbmzLMFCLfnaG1HFIgWzJOEWZ7MvpK++odZufgYR50Rw==",
      "license": "MIT",
      "engines": {
        "node": ">=10.0.0"
      },
      "peerDependencies": {
        "bufferutil": "^4.0.1",
        "utf-8-validate": ">=5.0.2"
      },
      "peerDependenciesMeta": {
        "bufferutil": {
          "optional": true
        },
        "utf-8-validate": {
          "optional": true
        }
      }
    },
    "node_modules/zod": {
      "version": "4.6.5",
      "resolved": "https://registry.npmjs.org/zod/-/zod-4.6.5.tgz",
      "integrity": "sha512-v5l/aFXZQeai4awLbOpSoHecE9UiMrnfx75tEXLjNonXVARxQ5mOeipTjROUchszUNCqnE+hqAMujRsRHsut2Q==",
      "license": "MIT",
      "funding": {
        "url": "https://github.com/sponsors/colinhacks"
      }
    }
  }
}
